// !$*UTF8*$!
{
	archiveVersion = 1;
	classes = {
	};
	objectVersion = 56;
	objects = {

/* Begin PBXBuildFile section */
		8AB6995B2CE055AA00510F96 /* SwiftuiCombineSampleApp.swift in Sources */ = {isa = PBXBuildFile; fileRef = 8AB6995A2CE055AA00510F96 /* SwiftuiCombineSampleApp.swift */; };
		8AB6995D2CE055AA00510F96 /* ContentView.swift in Sources */ = {isa = PBXBuildFile; fileRef = 8AB6995C2CE055AA00510F96 /* ContentView.swift */; };
		8AB6995F2CE055AC00510F96 /* Assets.xcassets in Resources */ = {isa = PBXBuildFile; fileRef = 8AB6995E2CE055AC00510F96 /* Assets.xcassets */; };
		8AB699622CE055AC00510F96 /* Preview Assets.xcassets in Resources */ = {isa = PBXBuildFile; fileRef = 8AB699612CE055AC00510F96 /* Preview Assets.xcassets */; };
		8AB699642CE055AC00510F96 /* Persistence.swift in Sources */ = {isa = PBXBuildFile; fileRef = 8AB699632CE055AC00510F96 /* Persistence.swift */; };
		8AB699672CE055AC00510F96 /* swiftui_combine_sample.xcdatamodeld in Sources */ = {isa = PBXBuildFile; fileRef = 8AB699652CE055AC00510F96 /* swiftui_combine_sample.xcdatamodeld */; };
		8AB699712CE055AC00510F96 /* swiftui_combine_sampleTests.swift in Sources */ = {isa = PBXBuildFile; fileRef = 8AB699702CE055AC00510F96 /* swiftui_combine_sampleTests.swift */; };
		8AB6997B2CE055AC00510F96 /* swiftui_combine_sampleUITests.swift in Sources */ = {isa = PBXBuildFile; fileRef = 8AB6997A2CE055AC00510F96 /* swiftui_combine_sampleUITests.swift */; };
		8AB6997D2CE055AC00510F96 /* swiftui_combine_sampleUITestsLaunchTests.swift in Sources */ = {isa = PBXBuildFile; fileRef = 8AB6997C2CE055AC00510F96 /* swiftui_combine_sampleUITestsLaunchTests.swift */; };
		8AB6998B2CE0677000510F96 /* LoginView.swift in Sources */ = {isa = PBXBuildFile; fileRef = 8AB6998A2CE0677000510F96 /* LoginView.swift */; };
		8AB6998D2CE1122A00510F96 /* LoginViewModel.swift in Sources */ = {isa = PBXBuildFile; fileRef = 8AB6998C2CE1122A00510F96 /* LoginViewModel.swift */; };
		8AB699912CE11B7500510F96 /* Alamofire in Frameworks */ = {isa = PBXBuildFile; productRef = 8AB699902CE11B7500510F96 /* Alamofire */; };
		8AB699982CE11CBE00510F96 /* NetworkManager.swift in Sources */ = {isa = PBXBuildFile; fileRef = 8AB699972CE11CBE00510F96 /* NetworkManager.swift */; };
		8AB6999B2CE121D800510F96 /* LoadingView.swift in Sources */ = {isa = PBXBuildFile; fileRef = 8AB6999A2CE121D800510F96 /* LoadingView.swift */; };
		8AB6999E2CE1286600510F96 /* LoginResponseDTO.swift in Sources */ = {isa = PBXBuildFile; fileRef = 8AB6999C2CE1286600510F96 /* LoginResponseDTO.swift */; };
		8AB6999F2CE1286600510F96 /* UserDTO.swift in Sources */ = {isa = PBXBuildFile; fileRef = 8AB6999D2CE1286600510F96 /* UserDTO.swift */; };
		8AB699A22CE12B0E00510F96 /* SplashScreenView.swift in Sources */ = {isa = PBXBuildFile; fileRef = 8AB699A12CE12B0E00510F96 /* SplashScreenView.swift */; };
		8AB699A42CE13ADE00510F96 /* Launch Screen.storyboard in Resources */ = {isa = PBXBuildFile; fileRef = 8AB699A32CE13ADE00510F96 /* Launch Screen.storyboard */; };
/* End PBXBuildFile section */

/* Begin PBXContainerItemProxy section */
		8AB6996D2CE055AC00510F96 /* PBXContainerItemProxy */ = {
			isa = PBXContainerItemProxy;
			containerPortal = 8AB6994F2CE055AA00510F96 /* Project object */;
			proxyType = 1;
			remoteGlobalIDString = 8AB699562CE055AA00510F96;
			remoteInfo = "swiftui-combine-sample";
		};
		8AB699772CE055AC00510F96 /* PBXContainerItemProxy */ = {
			isa = PBXContainerItemProxy;
			containerPortal = 8AB6994F2CE055AA00510F96 /* Project object */;
			proxyType = 1;
			remoteGlobalIDString = 8AB699562CE055AA00510F96;
			remoteInfo = "swiftui-combine-sample";
		};
/* End PBXContainerItemProxy section */

/* Begin PBXCopyFilesBuildPhase section */
		8AB699952CE11B7500510F96 /* Embed Frameworks */ = {
			isa = PBXCopyFilesBuildPhase;
			buildActionMask = 2147483647;
			dstPath = "";
			dstSubfolderSpec = 10;
			files = (
			);
			name = "Embed Frameworks";
			runOnlyForDeploymentPostprocessing = 0;
		};
/* End PBXCopyFilesBuildPhase section */

/* Begin PBXFileReference section */
		8AB699572CE055AA00510F96 /* swiftui-combine-sample.app */ = {isa = PBXFileReference; explicitFileType = wrapper.application; includeInIndex = 0; path = "swiftui-combine-sample.app"; sourceTree = BUILT_PRODUCTS_DIR; };
		8AB6995A2CE055AA00510F96 /* SwiftuiCombineSampleApp.swift */ = {isa = PBXFileReference; lastKnownFileType = sourcecode.swift; path = SwiftuiCombineSampleApp.swift; sourceTree = "<group>"; };
		8AB6995C2CE055AA00510F96 /* ContentView.swift */ = {isa = PBXFileReference; lastKnownFileType = sourcecode.swift; path = ContentView.swift; sourceTree = "<group>"; };
		8AB6995E2CE055AC00510F96 /* Assets.xcassets */ = {isa = PBXFileReference; lastKnownFileType = folder.assetcatalog; path = Assets.xcassets; sourceTree = "<group>"; };
		8AB699612CE055AC00510F96 /* Preview Assets.xcassets */ = {isa = PBXFileReference; lastKnownFileType = folder.assetcatalog; path = "Preview Assets.xcassets"; sourceTree = "<group>"; };
		8AB699632CE055AC00510F96 /* Persistence.swift */ = {isa = PBXFileReference; lastKnownFileType = sourcecode.swift; path = Persistence.swift; sourceTree = "<group>"; };
		8AB699662CE055AC00510F96 /* swiftui_combine_sample.xcdatamodel */ = {isa = PBXFileReference; lastKnownFileType = wrapper.xcdatamodel; path = swiftui_combine_sample.xcdatamodel; sourceTree = "<group>"; };
		8AB6996C2CE055AC00510F96 /* swiftui-combine-sampleTests.xctest */ = {isa = PBXFileReference; explicitFileType = wrapper.cfbundle; includeInIndex = 0; path = "swiftui-combine-sampleTests.xctest"; sourceTree = BUILT_PRODUCTS_DIR; };
		8AB699702CE055AC00510F96 /* swiftui_combine_sampleTests.swift */ = {isa = PBXFileReference; lastKnownFileType = sourcecode.swift; path = swiftui_combine_sampleTests.swift; sourceTree = "<group>"; };
		8AB699762CE055AC00510F96 /* swiftui-combine-sampleUITests.xctest */ = {isa = PBXFileReference; explicitFileType = wrapper.cfbundle; includeInIndex = 0; path = "swiftui-combine-sampleUITests.xctest"; sourceTree = BUILT_PRODUCTS_DIR; };
		8AB6997A2CE055AC00510F96 /* swiftui_combine_sampleUITests.swift */ = {isa = PBXFileReference; lastKnownFileType = sourcecode.swift; path = swiftui_combine_sampleUITests.swift; sourceTree = "<group>"; };
		8AB6997C2CE055AC00510F96 /* swiftui_combine_sampleUITestsLaunchTests.swift */ = {isa = PBXFileReference; lastKnownFileType = sourcecode.swift; path = swiftui_combine_sampleUITestsLaunchTests.swift; sourceTree = "<group>"; };
		8AB6998A2CE0677000510F96 /* LoginView.swift */ = {isa = PBXFileReference; lastKnownFileType = sourcecode.swift; path = LoginView.swift; sourceTree = "<group>"; };
		8AB6998C2CE1122A00510F96 /* LoginViewModel.swift */ = {isa = PBXFileReference; lastKnownFileType = sourcecode.swift; path = LoginViewModel.swift; sourceTree = "<group>"; };
		8AB699972CE11CBE00510F96 /* NetworkManager.swift */ = {isa = PBXFileReference; lastKnownFileType = sourcecode.swift; path = NetworkManager.swift; sourceTree = "<group>"; };
		8AB6999A2CE121D800510F96 /* LoadingView.swift */ = {isa = PBXFileReference; lastKnownFileType = sourcecode.swift; path = LoadingView.swift; sourceTree = "<group>"; };
		8AB6999C2CE1286600510F96 /* LoginResponseDTO.swift */ = {isa = PBXFileReference; fileEncoding = 4; lastKnownFileType = sourcecode.swift; path = LoginResponseDTO.swift; sourceTree = "<group>"; };
		8AB6999D2CE1286600510F96 /* UserDTO.swift */ = {isa = PBXFileReference; fileEncoding = 4; lastKnownFileType = sourcecode.swift; path = UserDTO.swift; sourceTree = "<group>"; };
		8AB699A12CE12B0E00510F96 /* SplashScreenView.swift */ = {isa = PBXFileReference; lastKnownFileType = sourcecode.swift; path = SplashScreenView.swift; sourceTree = "<group>"; };
		8AB699A32CE13ADE00510F96 /* Launch Screen.storyboard */ = {isa = PBXFileReference; lastKnownFileType = file.storyboard; path = "Launch Screen.storyboard"; sourceTree = "<group>"; };
/* End PBXFileReference section */

/* Begin PBXFrameworksBuildPhase section */
		8AB699542CE055AA00510F96 /* Frameworks */ = {
			isa = PBXFrameworksBuildPhase;
			buildActionMask = 2147483647;
			files = (
				8AB699912CE11B7500510F96 /* Alamofire in Frameworks */,
			);
			runOnlyForDeploymentPostprocessing = 0;
		};
		8AB699692CE055AC00510F96 /* Frameworks */ = {
			isa = PBXFrameworksBuildPhase;
			buildActionMask = 2147483647;
			files = (
			);
			runOnlyForDeploymentPostprocessing = 0;
		};
		8AB699732CE055AC00510F96 /* Frameworks */ = {
			isa = PBXFrameworksBuildPhase;
			buildActionMask = 2147483647;
			files = (
			);
			runOnlyForDeploymentPostprocessing = 0;
		};
/* End PBXFrameworksBuildPhase section */

/* Begin PBXGroup section */
		8AB6994E2CE055AA00510F96 = {
			isa = PBXGroup;
			children = (
				8AB699592CE055AA00510F96 /* swiftui-combine-sample */,
				8AB6996F2CE055AC00510F96 /* swiftui-combine-sampleTests */,
				8AB699792CE055AC00510F96 /* swiftui-combine-sampleUITests */,
				8AB699582CE055AA00510F96 /* Products */,
				8AB6998F2CE11B7500510F96 /* Frameworks */,
			);
			sourceTree = "<group>";
		};
		8AB699582CE055AA00510F96 /* Products */ = {
			isa = PBXGroup;
			children = (
				8AB699572CE055AA00510F96 /* swiftui-combine-sample.app */,
				8AB6996C2CE055AC00510F96 /* swiftui-combine-sampleTests.xctest */,
				8AB699762CE055AC00510F96 /* swiftui-combine-sampleUITests.xctest */,
			);
			name = Products;
			sourceTree = "<group>";
		};
		8AB699592CE055AA00510F96 /* swiftui-combine-sample */ = {
			isa = PBXGroup;
			children = (
				8AB699A02CE1286800510F96 /* Model */,
				8AB699992CE121CE00510F96 /* UI */,
				8AB699962CE11CB000510F96 /* Network */,
				8AB699892CE0676800510F96 /* Login */,
				8AB6995A2CE055AA00510F96 /* SwiftuiCombineSampleApp.swift */,
				8AB6995C2CE055AA00510F96 /* ContentView.swift */,
				8AB6995E2CE055AC00510F96 /* Assets.xcassets */,
				8AB699632CE055AC00510F96 /* Persistence.swift */,
				8AB699652CE055AC00510F96 /* swiftui_combine_sample.xcdatamodeld */,
				8AB699602CE055AC00510F96 /* Preview Content */,
				8AB699A12CE12B0E00510F96 /* SplashScreenView.swift */,
				8AB699A32CE13ADE00510F96 /* Launch Screen.storyboard */,
			);
			path = "swiftui-combine-sample";
			sourceTree = "<group>";
		};
		8AB699602CE055AC00510F96 /* Preview Content */ = {
			isa = PBXGroup;
			children = (
				8AB699612CE055AC00510F96 /* Preview Assets.xcassets */,
			);
			path = "Preview Content";
			sourceTree = "<group>";
		};
		8AB6996F2CE055AC00510F96 /* swiftui-combine-sampleTests */ = {
			isa = PBXGroup;
			children = (
				8AB699702CE055AC00510F96 /* swiftui_combine_sampleTests.swift */,
			);
			path = "swiftui-combine-sampleTests";
			sourceTree = "<group>";
		};
		8AB699792CE055AC00510F96 /* swiftui-combine-sampleUITests */ = {
			isa = PBXGroup;
			children = (
				8AB6997A2CE055AC00510F96 /* swiftui_combine_sampleUITests.swift */,
				8AB6997C2CE055AC00510F96 /* swiftui_combine_sampleUITestsLaunchTests.swift */,
			);
			path = "swiftui-combine-sampleUITests";
			sourceTree = "<group>";
		};
		8AB699892CE0676800510F96 /* Login */ = {
			isa = PBXGroup;
			children = (
				8AB6998A2CE0677000510F96 /* LoginView.swift */,
				8AB6998C2CE1122A00510F96 /* LoginViewModel.swift */,
			);
			path = Login;
			sourceTree = "<group>";
		};
		8AB6998F2CE11B7500510F96 /* Frameworks */ = {
			isa = PBXGroup;
			children = (
			);
			name = Frameworks;
			sourceTree = "<group>";
		};
		8AB699962CE11CB000510F96 /* Network */ = {
			isa = PBXGroup;
			children = (
				8AB699972CE11CBE00510F96 /* NetworkManager.swift */,
			);
			path = Network;
			sourceTree = "<group>";
		};
		8AB699992CE121CE00510F96 /* UI */ = {
			isa = PBXGroup;
			children = (
				8AB6999A2CE121D800510F96 /* LoadingView.swift */,
			);
			path = UI;
			sourceTree = "<group>";
		};
		8AB699A02CE1286800510F96 /* Model */ = {
			isa = PBXGroup;
			children = (
				8AB6999C2CE1286600510F96 /* LoginResponseDTO.swift */,
				8AB6999D2CE1286600510F96 /* UserDTO.swift */,
			);
			path = Model;
			sourceTree = "<group>";
		};
/* End PBXGroup section */

/* Begin PBXNativeTarget section */
		8AB699562CE055AA00510F96 /* swiftui-combine-sample */ = {
			isa = PBXNativeTarget;
			buildConfigurationList = 8AB699802CE055AC00510F96 /* Build configuration list for PBXNativeTarget "swiftui-combine-sample" */;
			buildPhases = (
				8AB699532CE055AA00510F96 /* Sources */,
				8AB699542CE055AA00510F96 /* Frameworks */,
				8AB699552CE055AA00510F96 /* Resources */,
				8AB699952CE11B7500510F96 /* Embed Frameworks */,
			);
			buildRules = (
			);
			dependencies = (
			);
			name = "swiftui-combine-sample";
			packageProductDependencies = (
				8AB699902CE11B7500510F96 /* Alamofire */,
			);
			productName = "swiftui-combine-sample";
			productReference = 8AB699572CE055AA00510F96 /* swiftui-combine-sample.app */;
			productType = "com.apple.product-type.application";
		};
		8AB6996B2CE055AC00510F96 /* swiftui-combine-sampleTests */ = {
			isa = PBXNativeTarget;
			buildConfigurationList = 8AB699832CE055AC00510F96 /* Build configuration list for PBXNativeTarget "swiftui-combine-sampleTests" */;
			buildPhases = (
				8AB699682CE055AC00510F96 /* Sources */,
				8AB699692CE055AC00510F96 /* Frameworks */,
				8AB6996A2CE055AC00510F96 /* Resources */,
			);
			buildRules = (
			);
			dependencies = (
				8AB6996E2CE055AC00510F96 /* PBXTargetDependency */,
			);
			name = "swiftui-combine-sampleTests";
			productName = "swiftui-combine-sampleTests";
			productReference = 8AB6996C2CE055AC00510F96 /* swiftui-combine-sampleTests.xctest */;
			productType = "com.apple.product-type.bundle.unit-test";
		};
		8AB699752CE055AC00510F96 /* swiftui-combine-sampleUITests */ = {
			isa = PBXNativeTarget;
			buildConfigurationList = 8AB699862CE055AC00510F96 /* Build configuration list for PBXNativeTarget "swiftui-combine-sampleUITests" */;
			buildPhases = (
				8AB699722CE055AC00510F96 /* Sources */,
				8AB699732CE055AC00510F96 /* Frameworks */,
				8AB699742CE055AC00510F96 /* Resources */,
			);
			buildRules = (
			);
			dependencies = (
				8AB699782CE055AC00510F96 /* PBXTargetDependency */,
			);
			name = "swiftui-combine-sampleUITests";
			productName = "swiftui-combine-sampleUITests";
			productReference = 8AB699762CE055AC00510F96 /* swiftui-combine-sampleUITests.xctest */;
			productType = "com.apple.product-type.bundle.ui-testing";
		};
/* End PBXNativeTarget section */

/* Begin PBXProject section */
		8AB6994F2CE055AA00510F96 /* Project object */ = {
			isa = PBXProject;
			attributes = {
				BuildIndependentTargetsInParallel = 1;
				LastSwiftUpdateCheck = 1540;
				LastUpgradeCheck = 1540;
				TargetAttributes = {
					8AB699562CE055AA00510F96 = {
						CreatedOnToolsVersion = 15.4;
					};
					8AB6996B2CE055AC00510F96 = {
						CreatedOnToolsVersion = 15.4;
						TestTargetID = 8AB699562CE055AA00510F96;
					};
					8AB699752CE055AC00510F96 = {
						CreatedOnToolsVersion = 15.4;
						TestTargetID = 8AB699562CE055AA00510F96;
					};
				};
			};
			buildConfigurationList = 8AB699522CE055AA00510F96 /* Build configuration list for PBXProject "swiftui-combine-sample" */;
			compatibilityVersion = "Xcode 14.0";
			developmentRegion = en;
			hasScannedForEncodings = 0;
			knownRegions = (
				en,
				Base,
			);
			mainGroup = 8AB6994E2CE055AA00510F96;
			packageReferences = (
				8AB6998E2CE11B4500510F96 /* XCRemoteSwiftPackageReference "Alamofire" */,
			);
			productRefGroup = 8AB699582CE055AA00510F96 /* Products */;
			projectDirPath = "";
			projectRoot = "";
			targets = (
				8AB699562CE055AA00510F96 /* swiftui-combine-sample */,
				8AB6996B2CE055AC00510F96 /* swiftui-combine-sampleTests */,
				8AB699752CE055AC00510F96 /* swiftui-combine-sampleUITests */,
			);
		};
/* End PBXProject section */

/* Begin PBXResourcesBuildPhase section */
		8AB699552CE055AA00510F96 /* Resources */ = {
			isa = PBXResourcesBuildPhase;
			buildActionMask = 2147483647;
			files = (
				8AB699A42CE13ADE00510F96 /* Launch Screen.storyboard in Resources */,
				8AB699622CE055AC00510F96 /* Preview Assets.xcassets in Resources */,
				8AB6995F2CE055AC00510F96 /* Assets.xcassets in Resources */,
			);
			runOnlyForDeploymentPostprocessing = 0;
		};
		8AB6996A2CE055AC00510F96 /* Resources */ = {
			isa = PBXResourcesBuildPhase;
			buildActionMask = 2147483647;
			files = (
			);
			runOnlyForDeploymentPostprocessing = 0;
		};
		8AB699742CE055AC00510F96 /* Resources */ = {
			isa = PBXResourcesBuildPhase;
			buildActionMask = 2147483647;
			files = (
			);
			runOnlyForDeploymentPostprocessing = 0;
		};
/* End PBXResourcesBuildPhase section */

/* Begin PBXSourcesBuildPhase section */
		8AB699532CE055AA00510F96 /* Sources */ = {
			isa = PBXSourcesBuildPhase;
			buildActionMask = 2147483647;
			files = (
				8AB699642CE055AC00510F96 /* Persistence.swift in Sources */,
				8AB6995D2CE055AA00510F96 /* ContentView.swift in Sources */,
				8AB6998D2CE1122A00510F96 /* LoginViewModel.swift in Sources */,
				8AB699982CE11CBE00510F96 /* NetworkManager.swift in Sources */,
				8AB699A22CE12B0E00510F96 /* SplashScreenView.swift in Sources */,
				8AB6995B2CE055AA00510F96 /* SwiftuiCombineSampleApp.swift in Sources */,
				8AB6999E2CE1286600510F96 /* LoginResponseDTO.swift in Sources */,
				8AB6999B2CE121D800510F96 /* LoadingView.swift in Sources */,
				8AB6998B2CE0677000510F96 /* LoginView.swift in Sources */,
				8AB6999F2CE1286600510F96 /* UserDTO.swift in Sources */,
				8AB699672CE055AC00510F96 /* swiftui_combine_sample.xcdatamodeld in Sources */,
			);
			runOnlyForDeploymentPostprocessing = 0;
		};
		8AB699682CE055AC00510F96 /* Sources */ = {
			isa = PBXSourcesBuildPhase;
			buildActionMask = 2147483647;
			files = (
				8AB699712CE055AC00510F96 /* swiftui_combine_sampleTests.swift in Sources */,
			);
			runOnlyForDeploymentPostprocessing = 0;
		};
		8AB699722CE055AC00510F96 /* Sources */ = {
			isa = PBXSourcesBuildPhase;
			buildActionMask = 2147483647;
			files = (
				8AB6997D2CE055AC00510F96 /* swiftui_combine_sampleUITestsLaunchTests.swift in Sources */,
				8AB6997B2CE055AC00510F96 /* swiftui_combine_sampleUITests.swift in Sources */,
			);
			runOnlyForDeploymentPostprocessing = 0;
		};
/* End PBXSourcesBuildPhase section */

/* Begin PBXTargetDependency section */
		8AB6996E2CE055AC00510F96 /* PBXTargetDependency */ = {
			isa = PBXTargetDependency;
			target = 8AB699562CE055AA00510F96 /* swiftui-combine-sample */;
			targetProxy = 8AB6996D2CE055AC00510F96 /* PBXContainerItemProxy */;
		};
		8AB699782CE055AC00510F96 /* PBXTargetDependency */ = {
			isa = PBXTargetDependency;
			target = 8AB699562CE055AA00510F96 /* swiftui-combine-sample */;
			targetProxy = 8AB699772CE055AC00510F96 /* PBXContainerItemProxy */;
		};
/* End PBXTargetDependency section */

/* Begin XCBuildConfiguration section */
		8AB6997E2CE055AC00510F96 /* Debug */ = {
			isa = XCBuildConfiguration;
			buildSettings = {
				ALWAYS_SEARCH_USER_PATHS = NO;
				ASSETCATALOG_COMPILER_GENERATE_SWIFT_ASSET_SYMBOL_EXTENSIONS = YES;
				CLANG_ANALYZER_NONNULL = YES;
				CLANG_ANALYZER_NUMBER_OBJECT_CONVERSION = YES_AGGRESSIVE;
				CLANG_CXX_LANGUAGE_STANDARD = "gnu++20";
				CLANG_ENABLE_MODULES = YES;
				CLANG_ENABLE_OBJC_ARC = YES;
				CLANG_ENABLE_OBJC_WEAK = YES;
				CLANG_WARN_BLOCK_CAPTURE_AUTORELEASING = YES;
				CLANG_WARN_BOOL_CONVERSION = YES;
				CLANG_WARN_COMMA = YES;
				CLANG_WARN_CONSTANT_CONVERSION = YES;
				CLANG_WARN_DEPRECATED_OBJC_IMPLEMENTATIONS = YES;
				CLANG_WARN_DIRECT_OBJC_ISA_USAGE = YES_ERROR;
				CLANG_WARN_DOCUMENTATION_COMMENTS = YES;
				CLANG_WARN_EMPTY_BODY = YES;
				CLANG_WARN_ENUM_CONVERSION = YES;
				CLANG_WARN_INFINITE_RECURSION = YES;
				CLANG_WARN_INT_CONVERSION = YES;
				CLANG_WARN_NON_LITERAL_NULL_CONVERSION = YES;
				CLANG_WARN_OBJC_IMPLICIT_RETAIN_SELF = YES;
				CLANG_WARN_OBJC_LITERAL_CONVERSION = YES;
				CLANG_WARN_OBJC_ROOT_CLASS = YES_ERROR;
				CLANG_WARN_QUOTED_INCLUDE_IN_FRAMEWORK_HEADER = YES;
				CLANG_WARN_RANGE_LOOP_ANALYSIS = YES;
				CLANG_WARN_STRICT_PROTOTYPES = YES;
				CLANG_WARN_SUSPICIOUS_MOVE = YES;
				CLANG_WARN_UNGUARDED_AVAILABILITY = YES_AGGRESSIVE;
				CLANG_WARN_UNREACHABLE_CODE = YES;
				CLANG_WARN__DUPLICATE_METHOD_MATCH = YES;
				COPY_PHASE_STRIP = NO;
				DEBUG_INFORMATION_FORMAT = dwarf;
				ENABLE_STRICT_OBJC_MSGSEND = YES;
				ENABLE_TESTABILITY = YES;
				ENABLE_USER_SCRIPT_SANDBOXING = YES;
				GCC_C_LANGUAGE_STANDARD = gnu17;
				GCC_DYNAMIC_NO_PIC = NO;
				GCC_NO_COMMON_BLOCKS = YES;
				GCC_OPTIMIZATION_LEVEL = 0;
				GCC_PREPROCESSOR_DEFINITIONS = (
					"DEBUG=1",
					"$(inherited)",
				);
				GCC_WARN_64_TO_32_BIT_CONVERSION = YES;
				GCC_WARN_ABOUT_RETURN_TYPE = YES_ERROR;
				GCC_WARN_UNDECLARED_SELECTOR = YES;
				GCC_WARN_UNINITIALIZED_AUTOS = YES_AGGRESSIVE;
				GCC_WARN_UNUSED_FUNCTION = YES;
				GCC_WARN_UNUSED_VARIABLE = YES;
				IPHONEOS_DEPLOYMENT_TARGET = 17.5;
				LOCALIZATION_PREFERS_STRING_CATALOGS = YES;
				MTL_ENABLE_DEBUG_INFO = INCLUDE_SOURCE;
				MTL_FAST_MATH = YES;
				ONLY_ACTIVE_ARCH = YES;
				SDKROOT = iphoneos;
				SWIFT_ACTIVE_COMPILATION_CONDITIONS = "DEBUG $(inherited)";
				SWIFT_OPTIMIZATION_LEVEL = "-Onone";
			};
			name = Debug;
		};
		8AB6997F2CE055AC00510F96 /* Release */ = {
			isa = XCBuildConfiguration;
			buildSettings = {
				ALWAYS_SEARCH_USER_PATHS = NO;
				ASSETCATALOG_COMPILER_GENERATE_SWIFT_ASSET_SYMBOL_EXTENSIONS = YES;
				CLANG_ANALYZER_NONNULL = YES;
				CLANG_ANALYZER_NUMBER_OBJECT_CONVERSION = YES_AGGRESSIVE;
				CLANG_CXX_LANGUAGE_STANDARD = "gnu++20";
				CLANG_ENABLE_MODULES = YES;
				CLANG_ENABLE_OBJC_ARC = YES;
				CLANG_ENABLE_OBJC_WEAK = YES;
				CLANG_WARN_BLOCK_CAPTURE_AUTORELEASING = YES;
				CLANG_WARN_BOOL_CONVERSION = YES;
				CLANG_WARN_COMMA = YES;
				CLANG_WARN_CONSTANT_CONVERSION = YES;
				CLANG_WARN_DEPRECATED_OBJC_IMPLEMENTATIONS = YES;
				CLANG_WARN_DIRECT_OBJC_ISA_USAGE = YES_ERROR;
				CLANG_WARN_DOCUMENTATION_COMMENTS = YES;
				CLANG_WARN_EMPTY_BODY = YES;
				CLANG_WARN_ENUM_CONVERSION = YES;
				CLANG_WARN_INFINITE_RECURSION = YES;
				CLANG_WARN_INT_CONVERSION = YES;
				CLANG_WARN_NON_LITERAL_NULL_CONVERSION = YES;
				CLANG_WARN_OBJC_IMPLICIT_RETAIN_SELF = YES;
				CLANG_WARN_OBJC_LITERAL_CONVERSION = YES;
				CLANG_WARN_OBJC_ROOT_CLASS = YES_ERROR;
				CLANG_WARN_QUOTED_INCLUDE_IN_FRAMEWORK_HEADER = YES;
				CLANG_WARN_RANGE_LOOP_ANALYSIS = YES;
				CLANG_WARN_STRICT_PROTOTYPES = YES;
				CLANG_WARN_SUSPICIOUS_MOVE = YES;
				CLANG_WARN_UNGUARDED_AVAILABILITY = YES_AGGRESSIVE;
				CLANG_WARN_UNREACHABLE_CODE = YES;
				CLANG_WARN__DUPLICATE_METHOD_MATCH = YES;
				COPY_PHASE_STRIP = NO;
				DEBUG_INFORMATION_FORMAT = "dwarf-with-dsym";
				ENABLE_NS_ASSERTIONS = NO;
				ENABLE_STRICT_OBJC_MSGSEND = YES;
				ENABLE_USER_SCRIPT_SANDBOXING = YES;
				GCC_C_LANGUAGE_STANDARD = gnu17;
				GCC_NO_COMMON_BLOCKS = YES;
				GCC_WARN_64_TO_32_BIT_CONVERSION = YES;
				GCC_WARN_ABOUT_RETURN_TYPE = YES_ERROR;
				GCC_WARN_UNDECLARED_SELECTOR = YES;
				GCC_WARN_UNINITIALIZED_AUTOS = YES_AGGRESSIVE;
				GCC_WARN_UNUSED_FUNCTION = YES;
				GCC_WARN_UNUSED_VARIABLE = YES;
				IPHONEOS_DEPLOYMENT_TARGET = 17.5;
				LOCALIZATION_PREFERS_STRING_CATALOGS = YES;
				MTL_ENABLE_DEBUG_INFO = NO;
				MTL_FAST_MATH = YES;
				SDKROOT = iphoneos;
				SWIFT_COMPILATION_MODE = wholemodule;
				VALIDATE_PRODUCT = YES;
			};
			name = Release;
		};
		8AB699812CE055AC00510F96 /* Debug */ = {
			isa = XCBuildConfiguration;
			buildSettings = {
				ASSETCATALOG_COMPILER_APPICON_NAME = AppIcon;
				ASSETCATALOG_COMPILER_GLOBAL_ACCENT_COLOR_NAME = AccentColor;
				CODE_SIGN_STYLE = Automatic;
				CURRENT_PROJECT_VERSION = 1;
				DEVELOPMENT_ASSET_PATHS = "\"swiftui-combine-sample/Preview Content\"";
				DEVELOPMENT_TEAM = M5GQYJFX4D;
				ENABLE_PREVIEWS = YES;
				GENERATE_INFOPLIST_FILE = YES;
				INFOPLIST_KEY_UIApplicationSceneManifest_Generation = YES;
				INFOPLIST_KEY_UIApplicationSupportsIndirectInputEvents = YES;
				INFOPLIST_KEY_UILaunchScreen_Generation = YES;
				INFOPLIST_KEY_UILaunchStoryboardName = "Launch Screen.storyboard";
				INFOPLIST_KEY_UISupportedInterfaceOrientations_iPad = "UIInterfaceOrientationPortrait UIInterfaceOrientationPortraitUpsideDown UIInterfaceOrientationLandscapeLeft UIInterfaceOrientationLandscapeRight";
				INFOPLIST_KEY_UISupportedInterfaceOrientations_iPhone = "UIInterfaceOrientationPortrait UIInterfaceOrientationLandscapeLeft UIInterfaceOrientationLandscapeRight";
				LD_RUNPATH_SEARCH_PATHS = (
					"$(inherited)",
					"@executable_path/Frameworks",
				);
				MARKETING_VERSION = 1.0;
				PRODUCT_BUNDLE_IDENTIFIER = "com.forgenator.swiftui-combine-sample";
				PRODUCT_NAME = "$(TARGET_NAME)";
				SWIFT_EMIT_LOC_STRINGS = YES;
				SWIFT_VERSION = 5.0;
				TARGETED_DEVICE_FAMILY = "1,2";
			};
			name = Debug;
		};
		8AB699822CE055AC00510F96 /* Release */ = {
			isa = XCBuildConfiguration;
			buildSettings = {
				ASSETCATALOG_COMPILER_APPICON_NAME = AppIcon;
				ASSETCATALOG_COMPILER_GLOBAL_ACCENT_COLOR_NAME = AccentColor;
				CODE_SIGN_STYLE = Automatic;
				CURRENT_PROJECT_VERSION = 1;
				DEVELOPMENT_ASSET_PATHS = "\"swiftui-combine-sample/Preview Content\"";
				DEVELOPMENT_TEAM = M5GQYJFX4D;
				ENABLE_PREVIEWS = YES;
				GENERATE_INFOPLIST_FILE = YES;
				INFOPLIST_KEY_UIApplicationSceneManifest_Generation = YES;
				INFOPLIST_KEY_UIApplicationSupportsIndirectInputEvents = YES;
				INFOPLIST_KEY_UILaunchScreen_Generation = YES;
				INFOPLIST_KEY_UILaunchStoryboardName = "Launch Screen.storyboard";
				INFOPLIST_KEY_UISupportedInterfaceOrientations_iPad = "UIInterfaceOrientationPortrait UIInterfaceOrientationPortraitUpsideDown UIInterfaceOrientationLandscapeLeft UIInterfaceOrientationLandscapeRight";
				INFOPLIST_KEY_UISupportedInterfaceOrientations_iPhone = "UIInterfaceOrientationPortrait UIInterfaceOrientationLandscapeLeft UIInterfaceOrientationLandscapeRight";
				LD_RUNPATH_SEARCH_PATHS = (
					"$(inherited)",
					"@executable_path/Frameworks",
				);
				MARKETING_VERSION = 1.0;
				PRODUCT_BUNDLE_IDENTIFIER = "com.forgenator.swiftui-combine-sample";
				PRODUCT_NAME = "$(TARGET_NAME)";
				SWIFT_EMIT_LOC_STRINGS = YES;
				SWIFT_VERSION = 5.0;
				TARGETED_DEVICE_FAMILY = "1,2";
			};
			name = Release;
		};
		8AB699842CE055AC00510F96 /* Debug */ = {
			isa = XCBuildConfiguration;
			buildSettings = {
				ALWAYS_EMBED_SWIFT_STANDARD_LIBRARIES = YES;
				BUNDLE_LOADER = "$(TEST_HOST)";
				CODE_SIGN_STYLE = Automatic;
				CURRENT_PROJECT_VERSION = 1;
				DEVELOPMENT_TEAM = M5GQYJFX4D;
				GENERATE_INFOPLIST_FILE = YES;
				IPHONEOS_DEPLOYMENT_TARGET = 17.5;
				MARKETING_VERSION = 1.0;
				PRODUCT_BUNDLE_IDENTIFIER = "com.forgenator.swiftui-combine-sampleTests";
				PRODUCT_NAME = "$(TARGET_NAME)";
				SWIFT_EMIT_LOC_STRINGS = NO;
				SWIFT_VERSION = 5.0;
				TARGETED_DEVICE_FAMILY = "1,2";
				TEST_HOST = "$(BUILT_PRODUCTS_DIR)/swiftui-combine-sample.app/$(BUNDLE_EXECUTABLE_FOLDER_PATH)/swiftui-combine-sample";
			};
			name = Debug;
		};
		8AB699852CE055AC00510F96 /* Release */ = {
			isa = XCBuildConfiguration;
			buildSettings = {
				ALWAYS_EMBED_SWIFT_STANDARD_LIBRARIES = YES;
				BUNDLE_LOADER = "$(TEST_HOST)";
				CODE_SIGN_STYLE = Automatic;
				CURRENT_PROJECT_VERSION = 1;
				DEVELOPMENT_TEAM = M5GQYJFX4D;
				GENERATE_INFOPLIST_FILE = YES;
				IPHONEOS_DEPLOYMENT_TARGET = 17.5;
				MARKETING_VERSION = 1.0;
				PRODUCT_BUNDLE_IDENTIFIER = "com.forgenator.swiftui-combine-sampleTests";
				PRODUCT_NAME = "$(TARGET_NAME)";
				SWIFT_EMIT_LOC_STRINGS = NO;
				SWIFT_VERSION = 5.0;
				TARGETED_DEVICE_FAMILY = "1,2";
				TEST_HOST = "$(BUILT_PRODUCTS_DIR)/swiftui-combine-sample.app/$(BUNDLE_EXECUTABLE_FOLDER_PATH)/swiftui-combine-sample";
			};
			name = Release;
		};
		8AB699872CE055AC00510F96 /* Debug */ = {
			isa = XCBuildConfiguration;
			buildSettings = {
				ALWAYS_EMBED_SWIFT_STANDARD_LIBRARIES = YES;
				CODE_SIGN_STYLE = Automatic;
				CURRENT_PROJECT_VERSION = 1;
				DEVELOPMENT_TEAM = M5GQYJFX4D;
				GENERATE_INFOPLIST_FILE = YES;
				MARKETING_VERSION = 1.0;
				PRODUCT_BUNDLE_IDENTIFIER = "com.forgenator.swiftui-combine-sampleUITests";
				PRODUCT_NAME = "$(TARGET_NAME)";
				SWIFT_EMIT_LOC_STRINGS = NO;
				SWIFT_VERSION = 5.0;
				TARGETED_DEVICE_FAMILY = "1,2";
				TEST_TARGET_NAME = "swiftui-combine-sample";
			};
			name = Debug;
		};
		8AB699882CE055AC00510F96 /* Release */ = {
			isa = XCBuildConfiguration;
			buildSettings = {
				ALWAYS_EMBED_SWIFT_STANDARD_LIBRARIES = YES;
				CODE_SIGN_STYLE = Automatic;
				CURRENT_PROJECT_VERSION = 1;
				DEVELOPMENT_TEAM = M5GQYJFX4D;
				GENERATE_INFOPLIST_FILE = YES;
				MARKETING_VERSION = 1.0;
				PRODUCT_BUNDLE_IDENTIFIER = "com.forgenator.swiftui-combine-sampleUITests";
				PRODUCT_NAME = "$(TARGET_NAME)";
				SWIFT_EMIT_LOC_STRINGS = NO;
				SWIFT_VERSION = 5.0;
				TARGETED_DEVICE_FAMILY = "1,2";
				TEST_TARGET_NAME = "swiftui-combine-sample";
			};
			name = Release;
		};
/* End XCBuildConfiguration section */

/* Begin XCConfigurationList section */
		8AB699522CE055AA00510F96 /* Build configuration list for PBXProject "swiftui-combine-sample" */ = {
			isa = XCConfigurationList;
			buildConfigurations = (
				8AB6997E2CE055AC00510F96 /* Debug */,
				8AB6997F2CE055AC00510F96 /* Release */,
			);
			defaultConfigurationIsVisible = 0;
			defaultConfigurationName = Release;
		};
		8AB699802CE055AC00510F96 /* Build configuration list for PBXNativeTarget "swiftui-combine-sample" */ = {
			isa = XCConfigurationList;
			buildConfigurations = (
				8AB699812CE055AC00510F96 /* Debug */,
				8AB699822CE055AC00510F96 /* Release */,
			);
			defaultConfigurationIsVisible = 0;
			defaultConfigurationName = Release;
		};
		8AB699832CE055AC00510F96 /* Build configuration list for PBXNativeTarget "swiftui-combine-sampleTests" */ = {
			isa = XCConfigurationList;
			buildConfigurations = (
				8AB699842CE055AC00510F96 /* Debug */,
				8AB699852CE055AC00510F96 /* Release */,
			);
			defaultConfigurationIsVisible = 0;
			defaultConfigurationName = Release;
		};
		8AB699862CE055AC00510F96 /* Build configuration list for PBXNativeTarget "swiftui-combine-sampleUITests" */ = {
			isa = XCConfigurationList;
			buildConfigurations = (
				8AB699872CE055AC00510F96 /* Debug */,
				8AB699882CE055AC00510F96 /* Release */,
			);
			defaultConfigurationIsVisible = 0;
			defaultConfigurationName = Release;
		};
/* End XCConfigurationList section */

/* Begin XCRemoteSwiftPackageReference section */
		8AB6998E2CE11B4500510F96 /* XCRemoteSwiftPackageReference "Alamofire" */ = {
			isa = XCRemoteSwiftPackageReference;
			repositoryURL = "https://github.com/Alamofire/Alamofire";
			requirement = {
				kind = upToNextMajorVersion;
				minimumVersion = 5.10.1;
			};
		};
/* End XCRemoteSwiftPackageReference section */

/* Begin XCSwiftPackageProductDependency section */
		8AB699902CE11B7500510F96 /* Alamofire */ = {
			isa = XCSwiftPackageProductDependency;
			package = 8AB6998E2CE11B4500510F96 /* XCRemoteSwiftPackageReference "Alamofire" */;
			productName = Alamofire;
		};
/* End XCSwiftPackageProductDependency section */

/* Begin XCVersionGroup section */
		8AB699652CE055AC00510F96 /* swiftui_combine_sample.xcdatamodeld */ = {
			isa = XCVersionGroup;
			children = (
				8AB699662CE055AC00510F96 /* swiftui_combine_sample.xcdatamodel */,
			);
			currentVersion = 8AB699662CE055AC00510F96 /* swiftui_combine_sample.xcdatamodel */;
			path = swiftui_combine_sample.xcdatamodeld;
			sourceTree = "<group>";
			versionGroupType = wrapper.xcdatamodel;
		};
/* End XCVersionGroup section */
	};
	rootObject = 8AB6994F2CE055AA00510F96 /* Project object */;
}
